
Microsoft Visual Studio Solution File, Format Version 12.00
# Visual Studio 15
VisualStudioVersion = 15.0.28307.705
MinimumVisualStudioVersion = 10.0.40219.1
Project("{FAE04EC0-301F-11D3-BF4B-00C04F79EFBC}") = "DijkstraAlgo", "DijkstraAlgo\DijkstraAlgo.csproj", "{9ECD6875-91E6-4047-A423-95CD3E60756A}"
EndProject
Global
	GlobalSection(SolutionConfigurationPlatforms) = preSolution
		Debug|Any CPU = Debug|Any CPU
		Release|Any CPU = Release|Any CPU
	EndGlobalSection
	GlobalSection(ProjectConfigurationPlatforms) = postSolution
		{9ECD6875-91E6-4047-A423-95CD3E60756A}.Debug|Any CPU.ActiveCfg = Debug|Any CPU
		{9ECD6875-91E6-4047-A423-95CD3E60756A}.Debug|Any CPU.Build.0 = Debug|Any CPU
		{9ECD6875-91E6-4047-A423-95CD3E60756A}.Release|Any CPU.ActiveCfg = Release|Any CPU
		{9ECD6875-91E6-4047-A423-95CD3E60756A}.Release|Any CPU.Build.0 = Release|Any CPU
	EndGlobalSection
	GlobalSection(SolutionProperties) = preSolution
		HideSolutionNode = FALSE
	EndGlobalSection
	GlobalSection(ExtensibilityGlobals) = postSolution
		SolutionGuid = {56F6AAE4-3C99-4416-9609-2724D6CFC7EE}
	EndGlobalSection
EndGlobal
